
Microsoft Visual Studio Solution File, Format Version 12.00
# Visual Studio Version 17
VisualStudioVersion = 17.2.32516.85
MinimumVisualStudioVersion = 10.0.40219.1
Project("{FAE04EC0-301F-11D3-BF4B-00C04F79EFBC}") = "TuneAssistant", "TuneAssistant.csproj", "{88D7157E-7BDF-43FB-BE44-31D42411AD76}"
EndProject
Global
	GlobalSection(SolutionConfigurationPlatforms) = preSolution
		Debug|Any CPU = Debug|Any CPU
		Release|Any CPU = Release|Any CPU
	EndGlobalSection
	GlobalSection(ProjectConfigurationPlatforms) = postSolution
		{88D7157E-7BDF-43FB-BE44-31D42411AD76}.Debug|Any CPU.ActiveCfg = Debug|Any CPU
		{88D7157E-7BDF-43FB-BE44-31D42411AD76}.Debug|Any CPU.Build.0 = Debug|Any CPU
		{88D7157E-7BDF-43FB-BE44-31D42411AD76}.Release|Any CPU.ActiveCfg = Release|Any CPU
		{88D7157E-7BDF-43FB-BE44-31D42411AD76}.Release|Any CPU.Build.0 = Release|Any CPU
	EndGlobalSection
	GlobalSection(SolutionProperties) = preSolution
		HideSolutionNode = FALSE
	EndGlobalSection
	GlobalSection(ExtensibilityGlobals) = postSolution
		SolutionGuid = {A576CC4E-703F-4794-8398-34F5B734D617}
	EndGlobalSection
EndGlobal
